{
  "name": "tarteaucitronjs",
  "version": "1.19.0",
  "lockfileVersion": 3,
  "requires": true,
  "packages": {
    "": {
      "name": "tarteaucitronjs",
      "version": "1.19.0",
      "license": "MIT",
      "dependencies": {
        "tarteaucitronjs": "file:"
      }
    },
    "node_modules/tarteaucitronjs": {
      "resolved": "",
      "link": true
    }
  }
}
